// !$*UTF8*$!
{
	archiveVersion = 1;
	classes = {
	};
	objectVersion = 50;
	objects = {

/* Begin PBXBuildFile section */
		8E20E52A221861C9000E7773 /* NSTimer+Additions.m in Sources */ = {isa = PBXBuildFile; fileRef = 8E20E525221861C9000E7773 /* NSTimer+Additions.m */; };
		8E20E52B221861C9000E7773 /* UIView+THAdditions.m in Sources */ = {isa = PBXBuildFile; fileRef = 8E20E526221861C9000E7773 /* UIView+THAdditions.m */; };
		8E20E52C221861C9000E7773 /* NSFileManager+THAdditions.m in Sources */ = {isa = PBXBuildFile; fileRef = 8E20E528221861C9000E7773 /* NSFileManager+THAdditions.m */; };
		8E2A0DB0221AFEFC0068467D /* BaseCameraHandleObject.m in Sources */ = {isa = PBXBuildFile; fileRef = 8E2A0DAF221AFEFC0068467D /* BaseCameraHandleObject.m */; };
		8E2B9D5322185E9E0095B2B3 /* ViewController.m in Sources */ = {isa = PBXBuildFile; fileRef = 8E2B9D4E22185E9D0095B2B3 /* ViewController.m */; };
		8E2B9D5422185E9E0095B2B3 /* CameraHandleObject.m in Sources */ = {isa = PBXBuildFile; fileRef = 8E2B9D5222185E9D0095B2B3 /* CameraHandleObject.m */; };
		8E35687C221455E800CC7A02 /* AppDelegate.m in Sources */ = {isa = PBXBuildFile; fileRef = 8E35687B221455E800CC7A02 /* AppDelegate.m */; };
		8E356882221455E800CC7A02 /* Main.storyboard in Resources */ = {isa = PBXBuildFile; fileRef = 8E356880221455E800CC7A02 /* Main.storyboard */; };
		8E356884221455E900CC7A02 /* Assets.xcassets in Resources */ = {isa = PBXBuildFile; fileRef = 8E356883221455E900CC7A02 /* Assets.xcassets */; };
		8E356887221455E900CC7A02 /* LaunchScreen.storyboard in Resources */ = {isa = PBXBuildFile; fileRef = 8E356885221455E900CC7A02 /* LaunchScreen.storyboard */; };
		8E35688A221455E900CC7A02 /* main.m in Sources */ = {isa = PBXBuildFile; fileRef = 8E356889221455E900CC7A02 /* main.m */; };
		8E356894221455E900CC7A02 /* AVFoundationDemoTests.m in Sources */ = {isa = PBXBuildFile; fileRef = 8E356893221455E900CC7A02 /* AVFoundationDemoTests.m */; };
		8E35689F221455E900CC7A02 /* AVFoundationDemoUITests.m in Sources */ = {isa = PBXBuildFile; fileRef = 8E35689E221455E900CC7A02 /* AVFoundationDemoUITests.m */; };
/* End PBXBuildFile section */

/* Begin PBXContainerItemProxy section */
		8E356890221455E900CC7A02 /* PBXContainerItemProxy */ = {
			isa = PBXContainerItemProxy;
			containerPortal = 8E35686F221455E800CC7A02 /* Project object */;
			proxyType = 1;
			remoteGlobalIDString = 8E356876221455E800CC7A02;
			remoteInfo = AVFoundationDemo;
		};
		8E35689B221455E900CC7A02 /* PBXContainerItemProxy */ = {
			isa = PBXContainerItemProxy;
			containerPortal = 8E35686F221455E800CC7A02 /* Project object */;
			proxyType = 1;
			remoteGlobalIDString = 8E356876221455E800CC7A02;
			remoteInfo = AVFoundationDemo;
		};
/* End PBXContainerItemProxy section */

/* Begin PBXFileReference section */
		8E20E524221861C9000E7773 /* NSFileManager+THAdditions.h */ = {isa = PBXFileReference; fileEncoding = 4; lastKnownFileType = sourcecode.c.h; path = "NSFileManager+THAdditions.h"; sourceTree = "<group>"; };
		8E20E525221861C9000E7773 /* NSTimer+Additions.m */ = {isa = PBXFileReference; fileEncoding = 4; lastKnownFileType = sourcecode.c.objc; path = "NSTimer+Additions.m"; sourceTree = "<group>"; };
		8E20E526221861C9000E7773 /* UIView+THAdditions.m */ = {isa = PBXFileReference; fileEncoding = 4; lastKnownFileType = sourcecode.c.objc; path = "UIView+THAdditions.m"; sourceTree = "<group>"; };
		8E20E527221861C9000E7773 /* UIView+THAdditions.h */ = {isa = PBXFileReference; fileEncoding = 4; lastKnownFileType = sourcecode.c.h; path = "UIView+THAdditions.h"; sourceTree = "<group>"; };
		8E20E528221861C9000E7773 /* NSFileManager+THAdditions.m */ = {isa = PBXFileReference; fileEncoding = 4; lastKnownFileType = sourcecode.c.objc; path = "NSFileManager+THAdditions.m"; sourceTree = "<group>"; };
		8E20E529221861C9000E7773 /* NSTimer+Additions.h */ = {isa = PBXFileReference; fileEncoding = 4; lastKnownFileType = sourcecode.c.h; path = "NSTimer+Additions.h"; sourceTree = "<group>"; };
		8E2A0DAE221AFEFC0068467D /* BaseCameraHandleObject.h */ = {isa = PBXFileReference; lastKnownFileType = sourcecode.c.h; path = BaseCameraHandleObject.h; sourceTree = "<group>"; };
		8E2A0DAF221AFEFC0068467D /* BaseCameraHandleObject.m */ = {isa = PBXFileReference; lastKnownFileType = sourcecode.c.objc; path = BaseCameraHandleObject.m; sourceTree = "<group>"; };
		8E2B9D4E22185E9D0095B2B3 /* ViewController.m */ = {isa = PBXFileReference; fileEncoding = 4; lastKnownFileType = sourcecode.c.objc; path = ViewController.m; sourceTree = "<group>"; };
		8E2B9D4F22185E9D0095B2B3 /* ViewController.h */ = {isa = PBXFileReference; fileEncoding = 4; lastKnownFileType = sourcecode.c.h; path = ViewController.h; sourceTree = "<group>"; };
		8E2B9D5122185E9D0095B2B3 /* CameraHandleObject.h */ = {isa = PBXFileReference; fileEncoding = 4; lastKnownFileType = sourcecode.c.h; path = CameraHandleObject.h; sourceTree = "<group>"; };
		8E2B9D5222185E9D0095B2B3 /* CameraHandleObject.m */ = {isa = PBXFileReference; fileEncoding = 4; lastKnownFileType = sourcecode.c.objc; path = CameraHandleObject.m; sourceTree = "<group>"; };
		8E356877221455E800CC7A02 /* AVFoundationDemo.app */ = {isa = PBXFileReference; explicitFileType = wrapper.application; includeInIndex = 0; path = AVFoundationDemo.app; sourceTree = BUILT_PRODUCTS_DIR; };
		8E35687A221455E800CC7A02 /* AppDelegate.h */ = {isa = PBXFileReference; lastKnownFileType = sourcecode.c.h; path = AppDelegate.h; sourceTree = "<group>"; };
		8E35687B221455E800CC7A02 /* AppDelegate.m */ = {isa = PBXFileReference; lastKnownFileType = sourcecode.c.objc; path = AppDelegate.m; sourceTree = "<group>"; };
		8E356881221455E800CC7A02 /* Base */ = {isa = PBXFileReference; lastKnownFileType = file.storyboard; name = Base; path = Base.lproj/Main.storyboard; sourceTree = "<group>"; };
		8E356883221455E900CC7A02 /* Assets.xcassets */ = {isa = PBXFileReference; lastKnownFileType = folder.assetcatalog; path = Assets.xcassets; sourceTree = "<group>"; };
		8E356886221455E900CC7A02 /* Base */ = {isa = PBXFileReference; lastKnownFileType = file.storyboard; name = Base; path = Base.lproj/LaunchScreen.storyboard; sourceTree = "<group>"; };
		8E356888221455E900CC7A02 /* Info.plist */ = {isa = PBXFileReference; lastKnownFileType = text.plist.xml; path = Info.plist; sourceTree = "<group>"; };
		8E356889221455E900CC7A02 /* main.m */ = {isa = PBXFileReference; lastKnownFileType = sourcecode.c.objc; path = main.m; sourceTree = "<group>"; };
		8E35688F221455E900CC7A02 /* AVFoundationDemoTests.xctest */ = {isa = PBXFileReference; explicitFileType = wrapper.cfbundle; includeInIndex = 0; path = AVFoundationDemoTests.xctest; sourceTree = BUILT_PRODUCTS_DIR; };
		8E356893221455E900CC7A02 /* AVFoundationDemoTests.m */ = {isa = PBXFileReference; lastKnownFileType = sourcecode.c.objc; path = AVFoundationDemoTests.m; sourceTree = "<group>"; };
		8E356895221455E900CC7A02 /* Info.plist */ = {isa = PBXFileReference; lastKnownFileType = text.plist.xml; path = Info.plist; sourceTree = "<group>"; };
		8E35689A221455E900CC7A02 /* AVFoundationDemoUITests.xctest */ = {isa = PBXFileReference; explicitFileType = wrapper.cfbundle; includeInIndex = 0; path = AVFoundationDemoUITests.xctest; sourceTree = BUILT_PRODUCTS_DIR; };
		8E35689E221455E900CC7A02 /* AVFoundationDemoUITests.m */ = {isa = PBXFileReference; lastKnownFileType = sourcecode.c.objc; path = AVFoundationDemoUITests.m; sourceTree = "<group>"; };
		8E3568A0221455E900CC7A02 /* Info.plist */ = {isa = PBXFileReference; lastKnownFileType = text.plist.xml; path = Info.plist; sourceTree = "<group>"; };
/* End PBXFileReference section */

/* Begin PBXFrameworksBuildPhase section */
		8E356874221455E800CC7A02 /* Frameworks */ = {
			isa = PBXFrameworksBuildPhase;
			buildActionMask = 2147483647;
			files = (
			);
			runOnlyForDeploymentPostprocessing = 0;
		};
		8E35688C221455E900CC7A02 /* Frameworks */ = {
			isa = PBXFrameworksBuildPhase;
			buildActionMask = 2147483647;
			files = (
			);
			runOnlyForDeploymentPostprocessing = 0;
		};
		8E356897221455E900CC7A02 /* Frameworks */ = {
			isa = PBXFrameworksBuildPhase;
			buildActionMask = 2147483647;
			files = (
			);
			runOnlyForDeploymentPostprocessing = 0;
		};
/* End PBXFrameworksBuildPhase section */

/* Begin PBXGroup section */
		8E20E52322186189000E7773 /* vendor */ = {
			isa = PBXGroup;
			children = (
				8E20E524221861C9000E7773 /* NSFileManager+THAdditions.h */,
				8E20E528221861C9000E7773 /* NSFileManager+THAdditions.m */,
				8E20E529221861C9000E7773 /* NSTimer+Additions.h */,
				8E20E525221861C9000E7773 /* NSTimer+Additions.m */,
				8E20E527221861C9000E7773 /* UIView+THAdditions.h */,
				8E20E526221861C9000E7773 /* UIView+THAdditions.m */,
			);
			path = vendor;
			sourceTree = "<group>";
		};
		8E2B9D4C22185E9D0095B2B3 /* view */ = {
			isa = PBXGroup;
			children = (
			);
			path = view;
			sourceTree = "<group>";
		};
		8E2B9D4D22185E9D0095B2B3 /* viewcontroller */ = {
			isa = PBXGroup;
			children = (
				8E2B9D4E22185E9D0095B2B3 /* ViewController.m */,
				8E2B9D4F22185E9D0095B2B3 /* ViewController.h */,
			);
			path = viewcontroller;
			sourceTree = "<group>";
		};
		8E2B9D5022185E9D0095B2B3 /* model */ = {
			isa = PBXGroup;
			children = (
				8E2B9D5122185E9D0095B2B3 /* CameraHandleObject.h */,
				8E2B9D5222185E9D0095B2B3 /* CameraHandleObject.m */,
				8E2A0DAE221AFEFC0068467D /* BaseCameraHandleObject.h */,
				8E2A0DAF221AFEFC0068467D /* BaseCameraHandleObject.m */,
			);
			path = model;
			sourceTree = "<group>";
		};
		8E35686E221455E800CC7A02 = {
			isa = PBXGroup;
			children = (
				8E356879221455E800CC7A02 /* AVFoundationDemo */,
				8E356892221455E900CC7A02 /* AVFoundationDemoTests */,
				8E35689D221455E900CC7A02 /* AVFoundationDemoUITests */,
				8E356878221455E800CC7A02 /* Products */,
			);
			sourceTree = "<group>";
		};
		8E356878221455E800CC7A02 /* Products */ = {
			isa = PBXGroup;
			children = (
				8E356877221455E800CC7A02 /* AVFoundationDemo.app */,
				8E35688F221455E900CC7A02 /* AVFoundationDemoTests.xctest */,
				8E35689A221455E900CC7A02 /* AVFoundationDemoUITests.xctest */,
			);
			name = Products;
			sourceTree = "<group>";
		};
		8E356879221455E800CC7A02 /* AVFoundationDemo */ = {
			isa = PBXGroup;
			children = (
				8E20E52322186189000E7773 /* vendor */,
				8E2B9D5022185E9D0095B2B3 /* model */,
				8E2B9D4C22185E9D0095B2B3 /* view */,
				8E2B9D4D22185E9D0095B2B3 /* viewcontroller */,
				8E35687A221455E800CC7A02 /* AppDelegate.h */,
				8E35687B221455E800CC7A02 /* AppDelegate.m */,
				8E356880221455E800CC7A02 /* Main.storyboard */,
				8E356883221455E900CC7A02 /* Assets.xcassets */,
				8E356885221455E900CC7A02 /* LaunchScreen.storyboard */,
				8E356888221455E900CC7A02 /* Info.plist */,
				8E356889221455E900CC7A02 /* main.m */,
			);
			path = AVFoundationDemo;
			sourceTree = "<group>";
		};
		8E356892221455E900CC7A02 /* AVFoundationDemoTests */ = {
			isa = PBXGroup;
			children = (
				8E356893221455E900CC7A02 /* AVFoundationDemoTests.m */,
				8E356895221455E900CC7A02 /* Info.plist */,
			);
			path = AVFoundationDemoTests;
			sourceTree = "<group>";
		};
		8E35689D221455E900CC7A02 /* AVFoundationDemoUITests */ = {
			isa = PBXGroup;
			children = (
				8E35689E221455E900CC7A02 /* AVFoundationDemoUITests.m */,
				8E3568A0221455E900CC7A02 /* Info.plist */,
			);
			path = AVFoundationDemoUITests;
			sourceTree = "<group>";
		};
/* End PBXGroup section */

/* Begin PBXNativeTarget section */
		8E356876221455E800CC7A02 /* AVFoundationDemo */ = {
			isa = PBXNativeTarget;
			buildConfigurationList = 8E3568A3221455E900CC7A02 /* Build configuration list for PBXNativeTarget "AVFoundationDemo" */;
			buildPhases = (
				8E356873221455E800CC7A02 /* Sources */,
				8E356874221455E800CC7A02 /* Frameworks */,
				8E356875221455E800CC7A02 /* Resources */,
			);
			buildRules = (
			);
			dependencies = (
			);
			name = AVFoundationDemo;
			productName = AVFoundationDemo;
			productReference = 8E356877221455E800CC7A02 /* AVFoundationDemo.app */;
			productType = "com.apple.product-type.application";
		};
		8E35688E221455E900CC7A02 /* AVFoundationDemoTests */ = {
			isa = PBXNativeTarget;
			buildConfigurationList = 8E3568A6221455E900CC7A02 /* Build configuration list for PBXNativeTarget "AVFoundationDemoTests" */;
			buildPhases = (
				8E35688B221455E900CC7A02 /* Sources */,
				8E35688C221455E900CC7A02 /* Frameworks */,
				8E35688D221455E900CC7A02 /* Resources */,
			);
			buildRules = (
			);
			dependencies = (
				8E356891221455E900CC7A02 /* PBXTargetDependency */,
			);
			name = AVFoundationDemoTests;
			productName = AVFoundationDemoTests;
			productReference = 8E35688F221455E900CC7A02 /* AVFoundationDemoTests.xctest */;
			productType = "com.apple.product-type.bundle.unit-test";
		};
		8E356899221455E900CC7A02 /* AVFoundationDemoUITests */ = {
			isa = PBXNativeTarget;
			buildConfigurationList = 8E3568A9221455E900CC7A02 /* Build configuration list for PBXNativeTarget "AVFoundationDemoUITests" */;
			buildPhases = (
				8E356896221455E900CC7A02 /* Sources */,
				8E356897221455E900CC7A02 /* Frameworks */,
				8E356898221455E900CC7A02 /* Resources */,
			);
			buildRules = (
			);
			dependencies = (
				8E35689C221455E900CC7A02 /* PBXTargetDependency */,
			);
			name = AVFoundationDemoUITests;
			productName = AVFoundationDemoUITests;
			productReference = 8E35689A221455E900CC7A02 /* AVFoundationDemoUITests.xctest */;
			productType = "com.apple.product-type.bundle.ui-testing";
		};
/* End PBXNativeTarget section */

/* Begin PBXProject section */
		8E35686F221455E800CC7A02 /* Project object */ = {
			isa = PBXProject;
			attributes = {
				LastUpgradeCheck = 1010;
				ORGANIZATIONNAME = blazer;
				TargetAttributes = {
					8E356876221455E800CC7A02 = {
						CreatedOnToolsVersion = 10.1;
					};
					8E35688E221455E900CC7A02 = {
						CreatedOnToolsVersion = 10.1;
						TestTargetID = 8E356876221455E800CC7A02;
					};
					8E356899221455E900CC7A02 = {
						CreatedOnToolsVersion = 10.1;
						TestTargetID = 8E356876221455E800CC7A02;
					};
				};
			};
			buildConfigurationList = 8E356872221455E800CC7A02 /* Build configuration list for PBXProject "AVFoundationDemo" */;
			compatibilityVersion = "Xcode 9.3";
			developmentRegion = en;
			hasScannedForEncodings = 0;
			knownRegions = (
				en,
				Base,
			);
			mainGroup = 8E35686E221455E800CC7A02;
			productRefGroup = 8E356878221455E800CC7A02 /* Products */;
			projectDirPath = "";
			projectRoot = "";
			targets = (
				8E356876221455E800CC7A02 /* AVFoundationDemo */,
				8E35688E221455E900CC7A02 /* AVFoundationDemoTests */,
				8E356899221455E900CC7A02 /* AVFoundationDemoUITests */,
			);
		};
/* End PBXProject section */

/* Begin PBXResourcesBuildPhase section */
		8E356875221455E800CC7A02 /* Resources */ = {
			isa = PBXResourcesBuildPhase;
			buildActionMask = 2147483647;
			files = (
				8E356887221455E900CC7A02 /* LaunchScreen.storyboard in Resources */,
				8E356884221455E900CC7A02 /* Assets.xcassets in Resources */,
				8E356882221455E800CC7A02 /* Main.storyboard in Resources */,
			);
			runOnlyForDeploymentPostprocessing = 0;
		};
		8E35688D221455E900CC7A02 /* Resources */ = {
			isa = PBXResourcesBuildPhase;
			buildActionMask = 2147483647;
			files = (
			);
			runOnlyForDeploymentPostprocessing = 0;
		};
		8E356898221455E900CC7A02 /* Resources */ = {
			isa = PBXResourcesBuildPhase;
			buildActionMask = 2147483647;
			files = (
			);
			runOnlyForDeploymentPostprocessing = 0;
		};
/* End PBXResourcesBuildPhase section */

/* Begin PBXSourcesBuildPhase section */
		8E356873221455E800CC7A02 /* Sources */ = {
			isa = PBXSourcesBuildPhase;
			buildActionMask = 2147483647;
			files = (
				8E20E52C221861C9000E7773 /* NSFileManager+THAdditions.m in Sources */,
				8E20E52B221861C9000E7773 /* UIView+THAdditions.m in Sources */,
				8E2A0DB0221AFEFC0068467D /* BaseCameraHandleObject.m in Sources */,
				8E2B9D5322185E9E0095B2B3 /* ViewController.m in Sources */,
				8E20E52A221861C9000E7773 /* NSTimer+Additions.m in Sources */,
				8E35688A221455E900CC7A02 /* main.m in Sources */,
				8E35687C221455E800CC7A02 /* AppDelegate.m in Sources */,
				8E2B9D5422185E9E0095B2B3 /* CameraHandleObject.m in Sources */,
			);
			runOnlyForDeploymentPostprocessing = 0;
		};
		8E35688B221455E900CC7A02 /* Sources */ = {
			isa = PBXSourcesBuildPhase;
			buildActionMask = 2147483647;
			files = (
				8E356894221455E900CC7A02 /* AVFoundationDemoTests.m in Sources */,
			);
			runOnlyForDeploymentPostprocessing = 0;
		};
		8E356896221455E900CC7A02 /* Sources */ = {
			isa = PBXSourcesBuildPhase;
			buildActionMask = 2147483647;
			files = (
				8E35689F221455E900CC7A02 /* AVFoundationDemoUITests.m in Sources */,
			);
			runOnlyForDeploymentPostprocessing = 0;
		};
/* End PBXSourcesBuildPhase section */

/* Begin PBXTargetDependency section */
		8E356891221455E900CC7A02 /* PBXTargetDependency */ = {
			isa = PBXTargetDependency;
			target = 8E356876221455E800CC7A02 /* AVFoundationDemo */;
			targetProxy = 8E356890221455E900CC7A02 /* PBXContainerItemProxy */;
		};
		8E35689C221455E900CC7A02 /* PBXTargetDependency */ = {
			isa = PBXTargetDependency;
			target = 8E356876221455E800CC7A02 /* AVFoundationDemo */;
			targetProxy = 8E35689B221455E900CC7A02 /* PBXContainerItemProxy */;
		};
/* End PBXTargetDependency section */

/* Begin PBXVariantGroup section */
		8E356880221455E800CC7A02 /* Main.storyboard */ = {
			isa = PBXVariantGroup;
			children = (
				8E356881221455E800CC7A02 /* Base */,
			);
			name = Main.storyboard;
			sourceTree = "<group>";
		};
		8E356885221455E900CC7A02 /* LaunchScreen.storyboard */ = {
			isa = PBXVariantGroup;
			children = (
				8E356886221455E900CC7A02 /* Base */,
			);
			name = LaunchScreen.storyboard;
			sourceTree = "<group>";
		};
/* End PBXVariantGroup section */

/* Begin XCBuildConfiguration section */
		8E3568A1221455E900CC7A02 /* Debug */ = {
			isa = XCBuildConfiguration;
			buildSettings = {
				ALWAYS_SEARCH_USER_PATHS = NO;
				CLANG_ANALYZER_NONNULL = YES;
				CLANG_ANALYZER_NUMBER_OBJECT_CONVERSION = YES_AGGRESSIVE;
				CLANG_CXX_LANGUAGE_STANDARD = "gnu++14";
				CLANG_CXX_LIBRARY = "libc++";
				CLANG_ENABLE_MODULES = YES;
				CLANG_ENABLE_OBJC_ARC = YES;
				CLANG_ENABLE_OBJC_WEAK = YES;
				CLANG_WARN_BLOCK_CAPTURE_AUTORELEASING = YES;
				CLANG_WARN_BOOL_CONVERSION = YES;
				CLANG_WARN_COMMA = YES;
				CLANG_WARN_CONSTANT_CONVERSION = YES;
				CLANG_WARN_DEPRECATED_OBJC_IMPLEMENTATIONS = YES;
				CLANG_WARN_DIRECT_OBJC_ISA_USAGE = YES_ERROR;
				CLANG_WARN_DOCUMENTATION_COMMENTS = YES;
				CLANG_WARN_EMPTY_BODY = YES;
				CLANG_WARN_ENUM_CONVERSION = YES;
				CLANG_WARN_INFINITE_RECURSION = YES;
				CLANG_WARN_INT_CONVERSION = YES;
				CLANG_WARN_NON_LITERAL_NULL_CONVERSION = YES;
				CLANG_WARN_OBJC_IMPLICIT_RETAIN_SELF = YES;
				CLANG_WARN_OBJC_LITERAL_CONVERSION = YES;
				CLANG_WARN_OBJC_ROOT_CLASS = YES_ERROR;
				CLANG_WARN_RANGE_LOOP_ANALYSIS = YES;
				CLANG_WARN_STRICT_PROTOTYPES = YES;
				CLANG_WARN_SUSPICIOUS_MOVE = YES;
				CLANG_WARN_UNGUARDED_AVAILABILITY = YES_AGGRESSIVE;
				CLANG_WARN_UNREACHABLE_CODE = YES;
				CLANG_WARN__DUPLICATE_METHOD_MATCH = YES;
				CODE_SIGN_IDENTITY = "iPhone Developer";
				COPY_PHASE_STRIP = NO;
				DEBUG_INFORMATION_FORMAT = dwarf;
				ENABLE_STRICT_OBJC_MSGSEND = YES;
				ENABLE_TESTABILITY = YES;
				GCC_C_LANGUAGE_STANDARD = gnu11;
				GCC_DYNAMIC_NO_PIC = NO;
				GCC_NO_COMMON_BLOCKS = YES;
				GCC_OPTIMIZATION_LEVEL = 0;
				GCC_PREPROCESSOR_DEFINITIONS = (
					"DEBUG=1",
					"$(inherited)",
				);
				GCC_WARN_64_TO_32_BIT_CONVERSION = YES;
				GCC_WARN_ABOUT_RETURN_TYPE = YES_ERROR;
				GCC_WARN_UNDECLARED_SELECTOR = YES;
				GCC_WARN_UNINITIALIZED_AUTOS = YES_AGGRESSIVE;
				GCC_WARN_UNUSED_FUNCTION = YES;
				GCC_WARN_UNUSED_VARIABLE = YES;
				IPHONEOS_DEPLOYMENT_TARGET = 12.1;
				MTL_ENABLE_DEBUG_INFO = INCLUDE_SOURCE;
				MTL_FAST_MATH = YES;
				ONLY_ACTIVE_ARCH = YES;
				SDKROOT = iphoneos;
			};
			name = Debug;
		};
		8E3568A2221455E900CC7A02 /* Release */ = {
			isa = XCBuildConfiguration;
			buildSettings = {
				ALWAYS_SEARCH_USER_PATHS = NO;
				CLANG_ANALYZER_NONNULL = YES;
				CLANG_ANALYZER_NUMBER_OBJECT_CONVERSION = YES_AGGRESSIVE;
				CLANG_CXX_LANGUAGE_STANDARD = "gnu++14";
				CLANG_CXX_LIBRARY = "libc++";
				CLANG_ENABLE_MODULES = YES;
				CLANG_ENABLE_OBJC_ARC = YES;
				CLANG_ENABLE_OBJC_WEAK = YES;
				CLANG_WARN_BLOCK_CAPTURE_AUTORELEASING = YES;
				CLANG_WARN_BOOL_CONVERSION = YES;
				CLANG_WARN_COMMA = YES;
				CLANG_WARN_CONSTANT_CONVERSION = YES;
				CLANG_WARN_DEPRECATED_OBJC_IMPLEMENTATIONS = YES;
				CLANG_WARN_DIRECT_OBJC_ISA_USAGE = YES_ERROR;
				CLANG_WARN_DOCUMENTATION_COMMENTS = YES;
				CLANG_WARN_EMPTY_BODY = YES;
				CLANG_WARN_ENUM_CONVERSION = YES;
				CLANG_WARN_INFINITE_RECURSION = YES;
				CLANG_WARN_INT_CONVERSION = YES;
				CLANG_WARN_NON_LITERAL_NULL_CONVERSION = YES;
				CLANG_WARN_OBJC_IMPLICIT_RETAIN_SELF = YES;
				CLANG_WARN_OBJC_LITERAL_CONVERSION = YES;
				CLANG_WARN_OBJC_ROOT_CLASS = YES_ERROR;
				CLANG_WARN_RANGE_LOOP_ANALYSIS = YES;
				CLANG_WARN_STRICT_PROTOTYPES = YES;
				CLANG_WARN_SUSPICIOUS_MOVE = YES;
				CLANG_WARN_UNGUARDED_AVAILABILITY = YES_AGGRESSIVE;
				CLANG_WARN_UNREACHABLE_CODE = YES;
				CLANG_WARN__DUPLICATE_METHOD_MATCH = YES;
				CODE_SIGN_IDENTITY = "iPhone Developer";
				COPY_PHASE_STRIP = NO;
				DEBUG_INFORMATION_FORMAT = "dwarf-with-dsym";
				ENABLE_NS_ASSERTIONS = NO;
				ENABLE_STRICT_OBJC_MSGSEND = YES;
				GCC_C_LANGUAGE_STANDARD = gnu11;
				GCC_NO_COMMON_BLOCKS = YES;
				GCC_WARN_64_TO_32_BIT_CONVERSION = YES;
				GCC_WARN_ABOUT_RETURN_TYPE = YES_ERROR;
				GCC_WARN_UNDECLARED_SELECTOR = YES;
				GCC_WARN_UNINITIALIZED_AUTOS = YES_AGGRESSIVE;
				GCC_WARN_UNUSED_FUNCTION = YES;
				GCC_WARN_UNUSED_VARIABLE = YES;
				IPHONEOS_DEPLOYMENT_TARGET = 12.1;
				MTL_ENABLE_DEBUG_INFO = NO;
				MTL_FAST_MATH = YES;
				SDKROOT = iphoneos;
				VALIDATE_PRODUCT = YES;
			};
			name = Release;
		};
		8E3568A4221455E900CC7A02 /* Debug */ = {
			isa = XCBuildConfiguration;
			buildSettings = {
				ASSETCATALOG_COMPILER_APPICON_NAME = AppIcon;
				CODE_SIGN_STYLE = Automatic;
				DEVELOPMENT_TEAM = L25YRTH5F6;
				INFOPLIST_FILE = AVFoundationDemo/Info.plist;
				IPHONEOS_DEPLOYMENT_TARGET = 9.0;
				LD_RUNPATH_SEARCH_PATHS = (
					"$(inherited)",
					"@executable_path/Frameworks",
				);
				PRODUCT_BUNDLE_IDENTIFIER = blazer.AVFoundationDemo;
				PRODUCT_NAME = "$(TARGET_NAME)";
				TARGETED_DEVICE_FAMILY = "1,2";
			};
			name = Debug;
		};
		8E3568A5221455E900CC7A02 /* Release */ = {
			isa = XCBuildConfiguration;
			buildSettings = {
				ASSETCATALOG_COMPILER_APPICON_NAME = AppIcon;
				CODE_SIGN_STYLE = Automatic;
				DEVELOPMENT_TEAM = L25YRTH5F6;
				INFOPLIST_FILE = AVFoundationDemo/Info.plist;
				IPHONEOS_DEPLOYMENT_TARGET = 9.0;
				LD_RUNPATH_SEARCH_PATHS = (
					"$(inherited)",
					"@executable_path/Frameworks",
				);
				PRODUCT_BUNDLE_IDENTIFIER = blazer.AVFoundationDemo;
				PRODUCT_NAME = "$(TARGET_NAME)";
				TARGETED_DEVICE_FAMILY = "1,2";
			};
			name = Release;
		};
		8E3568A7221455E900CC7A02 /* Debug */ = {
			isa = XCBuildConfiguration;
			buildSettings = {
				BUNDLE_LOADER = "$(TEST_HOST)";
				CODE_SIGN_STYLE = Automatic;
				INFOPLIST_FILE = AVFoundationDemoTests/Info.plist;
				LD_RUNPATH_SEARCH_PATHS = (
					"$(inherited)",
					"@executable_path/Frameworks",
					"@loader_path/Frameworks",
				);
				PRODUCT_BUNDLE_IDENTIFIER = blazer.AVFoundationDemoTests;
				PRODUCT_NAME = "$(TARGET_NAME)";
				TARGETED_DEVICE_FAMILY = "1,2";
				TEST_HOST = "$(BUILT_PRODUCTS_DIR)/AVFoundationDemo.app/AVFoundationDemo";
			};
			name = Debug;
		};
		8E3568A8221455E900CC7A02 /* Release */ = {
			isa = XCBuildConfiguration;
			buildSettings = {
				BUNDLE_LOADER = "$(TEST_HOST)";
				CODE_SIGN_STYLE = Automatic;
				INFOPLIST_FILE = AVFoundationDemoTests/Info.plist;
				LD_RUNPATH_SEARCH_PATHS = (
					"$(inherited)",
					"@executable_path/Frameworks",
					"@loader_path/Frameworks",
				);
				PRODUCT_BUNDLE_IDENTIFIER = blazer.AVFoundationDemoTests;
				PRODUCT_NAME = "$(TARGET_NAME)";
				TARGETED_DEVICE_FAMILY = "1,2";
				TEST_HOST = "$(BUILT_PRODUCTS_DIR)/AVFoundationDemo.app/AVFoundationDemo";
			};
			name = Release;
		};
		8E3568AA221455E900CC7A02 /* Debug */ = {
			isa = XCBuildConfiguration;
			buildSettings = {
				CODE_SIGN_STYLE = Automatic;
				INFOPLIST_FILE = AVFoundationDemoUITests/Info.plist;
				LD_RUNPATH_SEARCH_PATHS = (
					"$(inherited)",
					"@executable_path/Frameworks",
					"@loader_path/Frameworks",
				);
				PRODUCT_BUNDLE_IDENTIFIER = blazer.AVFoundationDemoUITests;
				PRODUCT_NAME = "$(TARGET_NAME)";
				TARGETED_DEVICE_FAMILY = "1,2";
				TEST_TARGET_NAME = AVFoundationDemo;
			};
			name = Debug;
		};
		8E3568AB221455E900CC7A02 /* Release */ = {
			isa = XCBuildConfiguration;
			buildSettings = {
				CODE_SIGN_STYLE = Automatic;
				INFOPLIST_FILE = AVFoundationDemoUITests/Info.plist;
				LD_RUNPATH_SEARCH_PATHS = (
					"$(inherited)",
					"@executable_path/Frameworks",
					"@loader_path/Frameworks",
				);
				PRODUCT_BUNDLE_IDENTIFIER = blazer.AVFoundationDemoUITests;
				PRODUCT_NAME = "$(TARGET_NAME)";
				TARGETED_DEVICE_FAMILY = "1,2";
				TEST_TARGET_NAME = AVFoundationDemo;
			};
			name = Release;
		};
/* End XCBuildConfiguration section */

/* Begin XCConfigurationList section */
		8E356872221455E800CC7A02 /* Build configuration list for PBXProject "AVFoundationDemo" */ = {
			isa = XCConfigurationList;
			buildConfigurations = (
				8E3568A1221455E900CC7A02 /* Debug */,
				8E3568A2221455E900CC7A02 /* Release */,
			);
			defaultConfigurationIsVisible = 0;
			defaultConfigurationName = Release;
		};
		8E3568A3221455E900CC7A02 /* Build configuration list for PBXNativeTarget "AVFoundationDemo" */ = {
			isa = XCConfigurationList;
			buildConfigurations = (
				8E3568A4221455E900CC7A02 /* Debug */,
				8E3568A5221455E900CC7A02 /* Release */,
			);
			defaultConfigurationIsVisible = 0;
			defaultConfigurationName = Release;
		};
		8E3568A6221455E900CC7A02 /* Build configuration list for PBXNativeTarget "AVFoundationDemoTests" */ = {
			isa = XCConfigurationList;
			buildConfigurations = (
				8E3568A7221455E900CC7A02 /* Debug */,
				8E3568A8221455E900CC7A02 /* Release */,
			);
			defaultConfigurationIsVisible = 0;
			defaultConfigurationName = Release;
		};
		8E3568A9221455E900CC7A02 /* Build configuration list for PBXNativeTarget "AVFoundationDemoUITests" */ = {
			isa = XCConfigurationList;
			buildConfigurations = (
				8E3568AA221455E900CC7A02 /* Debug */,
				8E3568AB221455E900CC7A02 /* Release */,
			);
			defaultConfigurationIsVisible = 0;
			defaultConfigurationName = Release;
		};
/* End XCConfigurationList section */
	};
	rootObject = 8E35686F221455E800CC7A02 /* Project object */;
}
